// !$*UTF8*$!
{
	archiveVersion = 1;
	classes = {
	};
	objectVersion = 46;
	objects = {

/* Begin PBXBuildFile section */
		1460BF6D18C1F1E400A71803 /* Foundation.framework in Frameworks */ = {isa = PBXBuildFile; fileRef = 1460BF6C18C1F1E400A71803 /* Foundation.framework */; };
		1460BF6F18C1F1E400A71803 /* CoreGraphics.framework in Frameworks */ = {isa = PBXBuildFile; fileRef = 1460BF6E18C1F1E400A71803 /* CoreGraphics.framework */; };
		1460BF7118C1F1E400A71803 /* UIKit.framework in Frameworks */ = {isa = PBXBuildFile; fileRef = 1460BF7018C1F1E400A71803 /* UIKit.framework */; };
		1460BF7718C1F1E400A71803 /* InfoPlist.strings in Resources */ = {isa = PBXBuildFile; fileRef = 1460BF7518C1F1E400A71803 /* InfoPlist.strings */; };
		1460BF7918C1F1E400A71803 /* main.m in Sources */ = {isa = PBXBuildFile; fileRef = 1460BF7818C1F1E400A71803 /* main.m */; };
		1460BF7D18C1F1E400A71803 /* AppDelegate.m in Sources */ = {isa = PBXBuildFile; fileRef = 1460BF7C18C1F1E400A71803 /* AppDelegate.m */; };
		1460BF8018C1F1E400A71803 /* Main_iPhone.storyboard in Resources */ = {isa = PBXBuildFile; fileRef = 1460BF7E18C1F1E400A71803 /* Main_iPhone.storyboard */; };
		1460BF8318C1F1E400A71803 /* Main_iPad.storyboard in Resources */ = {isa = PBXBuildFile; fileRef = 1460BF8118C1F1E400A71803 /* Main_iPad.storyboard */; };
		1460BF8618C1F1E400A71803 /* ViewController.m in Sources */ = {isa = PBXBuildFile; fileRef = 1460BF8518C1F1E400A71803 /* ViewController.m */; };
		1460BF8818C1F1E400A71803 /* Images.xcassets in Resources */ = {isa = PBXBuildFile; fileRef = 1460BF8718C1F1E400A71803 /* Images.xcassets */; };
		1460BF8F18C1F1E400A71803 /* XCTest.framework in Frameworks */ = {isa = PBXBuildFile; fileRef = 1460BF8E18C1F1E400A71803 /* XCTest.framework */; };
		1460BF9018C1F1E400A71803 /* Foundation.framework in Frameworks */ = {isa = PBXBuildFile; fileRef = 1460BF6C18C1F1E400A71803 /* Foundation.framework */; };
		1460BF9118C1F1E400A71803 /* UIKit.framework in Frameworks */ = {isa = PBXBuildFile; fileRef = 1460BF7018C1F1E400A71803 /* UIKit.framework */; };
		1460BF9918C1F1E400A71803 /* InfoPlist.strings in Resources */ = {isa = PBXBuildFile; fileRef = 1460BF9718C1F1E400A71803 /* InfoPlist.strings */; };
		1460BF9B18C1F1E400A71803 /* WMGenericCollection_ModifiedTests.m in Sources */ = {isa = PBXBuildFile; fileRef = 1460BF9A18C1F1E400A71803 /* WMGenericCollection_ModifiedTests.m */; };
/* End PBXBuildFile section */

/* Begin PBXContainerItemProxy section */
		1460BF9218C1F1E400A71803 /* PBXContainerItemProxy */ = {
			isa = PBXContainerItemProxy;
			containerPortal = 1460BF6118C1F1E400A71803 /* Project object */;
			proxyType = 1;
			remoteGlobalIDString = 1460BF6818C1F1E400A71803;
			remoteInfo = WMGenericCollection_Modified;
		};
/* End PBXContainerItemProxy section */

/* Begin PBXFileReference section */
		1460BF6918C1F1E400A71803 /* WMGenericCollection_Modified.app */ = {isa = PBXFileReference; explicitFileType = wrapper.application; includeInIndex = 0; path = WMGenericCollection_Modified.app; sourceTree = BUILT_PRODUCTS_DIR; };
		1460BF6C18C1F1E400A71803 /* Foundation.framework */ = {isa = PBXFileReference; lastKnownFileType = wrapper.framework; name = Foundation.framework; path = System/Library/Frameworks/Foundation.framework; sourceTree = SDKROOT; };
		1460BF6E18C1F1E400A71803 /* CoreGraphics.framework */ = {isa = PBXFileReference; lastKnownFileType = wrapper.framework; name = CoreGraphics.framework; path = System/Library/Frameworks/CoreGraphics.framework; sourceTree = SDKROOT; };
		1460BF7018C1F1E400A71803 /* UIKit.framework */ = {isa = PBXFileReference; lastKnownFileType = wrapper.framework; name = UIKit.framework; path = System/Library/Frameworks/UIKit.framework; sourceTree = SDKROOT; };
		1460BF7418C1F1E400A71803 /* WMGenericCollection_Modified-Info.plist */ = {isa = PBXFileReference; lastKnownFileType = text.plist.xml; path = "WMGenericCollection_Modified-Info.plist"; sourceTree = "<group>"; };
		1460BF7618C1F1E400A71803 /* en */ = {isa = PBXFileReference; lastKnownFileType = text.plist.strings; name = en; path = en.lproj/InfoPlist.strings; sourceTree = "<group>"; };
		1460BF7818C1F1E400A71803 /* main.m */ = {isa = PBXFileReference; lastKnownFileType = sourcecode.c.objc; path = main.m; sourceTree = "<group>"; };
		1460BF7A18C1F1E400A71803 /* WMGenericCollection_Modified-Prefix.pch */ = {isa = PBXFileReference; lastKnownFileType = sourcecode.c.h; path = "WMGenericCollection_Modified-Prefix.pch"; sourceTree = "<group>"; };
		1460BF7B18C1F1E400A71803 /* AppDelegate.h */ = {isa = PBXFileReference; lastKnownFileType = sourcecode.c.h; path = AppDelegate.h; sourceTree = "<group>"; };
		1460BF7C18C1F1E400A71803 /* AppDelegate.m */ = {isa = PBXFileReference; lastKnownFileType = sourcecode.c.objc; path = AppDelegate.m; sourceTree = "<group>"; };
		1460BF7F18C1F1E400A71803 /* Base */ = {isa = PBXFileReference; lastKnownFileType = file.storyboard; name = Base; path = Base.lproj/Main_iPhone.storyboard; sourceTree = "<group>"; };
		1460BF8218C1F1E400A71803 /* Base */ = {isa = PBXFileReference; lastKnownFileType = file.storyboard; name = Base; path = Base.lproj/Main_iPad.storyboard; sourceTree = "<group>"; };
		1460BF8418C1F1E400A71803 /* ViewController.h */ = {isa = PBXFileReference; lastKnownFileType = sourcecode.c.h; path = ViewController.h; sourceTree = "<group>"; };
		1460BF8518C1F1E400A71803 /* ViewController.m */ = {isa = PBXFileReference; lastKnownFileType = sourcecode.c.objc; path = ViewController.m; sourceTree = "<group>"; };
		1460BF8718C1F1E400A71803 /* Images.xcassets */ = {isa = PBXFileReference; lastKnownFileType = folder.assetcatalog; path = Images.xcassets; sourceTree = "<group>"; };
		1460BF8D18C1F1E400A71803 /* WMGenericCollection_ModifiedTests.xctest */ = {isa = PBXFileReference; explicitFileType = wrapper.cfbundle; includeInIndex = 0; path = WMGenericCollection_ModifiedTests.xctest; sourceTree = BUILT_PRODUCTS_DIR; };
		1460BF8E18C1F1E400A71803 /* XCTest.framework */ = {isa = PBXFileReference; lastKnownFileType = wrapper.framework; name = XCTest.framework; path = Library/Frameworks/XCTest.framework; sourceTree = DEVELOPER_DIR; };
		1460BF9618C1F1E400A71803 /* WMGenericCollection_ModifiedTests-Info.plist */ = {isa = PBXFileReference; lastKnownFileType = text.plist.xml; path = "WMGenericCollection_ModifiedTests-Info.plist"; sourceTree = "<group>"; };
		1460BF9818C1F1E400A71803 /* en */ = {isa = PBXFileReference; lastKnownFileType = text.plist.strings; name = en; path = en.lproj/InfoPlist.strings; sourceTree = "<group>"; };
		1460BF9A18C1F1E400A71803 /* WMGenericCollection_ModifiedTests.m */ = {isa = PBXFileReference; lastKnownFileType = sourcecode.c.objc; path = WMGenericCollection_ModifiedTests.m; sourceTree = "<group>"; };
/* End PBXFileReference section */

/* Begin PBXFrameworksBuildPhase section */
		1460BF6618C1F1E400A71803 /* Frameworks */ = {
			isa = PBXFrameworksBuildPhase;
			buildActionMask = 2147483647;
			files = (
				1460BF6F18C1F1E400A71803 /* CoreGraphics.framework in Frameworks */,
				1460BF7118C1F1E400A71803 /* UIKit.framework in Frameworks */,
				1460BF6D18C1F1E400A71803 /* Foundation.framework in Frameworks */,
			);
			runOnlyForDeploymentPostprocessing = 0;
		};
		1460BF8A18C1F1E400A71803 /* Frameworks */ = {
			isa = PBXFrameworksBuildPhase;
			buildActionMask = 2147483647;
			files = (
				1460BF8F18C1F1E400A71803 /* XCTest.framework in Frameworks */,
				1460BF9118C1F1E400A71803 /* UIKit.framework in Frameworks */,
				1460BF9018C1F1E400A71803 /* Foundation.framework in Frameworks */,
			);
			runOnlyForDeploymentPostprocessing = 0;
		};
/* End PBXFrameworksBuildPhase section */

/* Begin PBXGroup section */
		1460BF6018C1F1E400A71803 = {
			isa = PBXGroup;
			children = (
				1460BF7218C1F1E400A71803 /* WMGenericCollection_Modified */,
				1460BF9418C1F1E400A71803 /* WMGenericCollection_ModifiedTests */,
				1460BF6B18C1F1E400A71803 /* Frameworks */,
				1460BF6A18C1F1E400A71803 /* Products */,
			);
			sourceTree = "<group>";
		};
		1460BF6A18C1F1E400A71803 /* Products */ = {
			isa = PBXGroup;
			children = (
				1460BF6918C1F1E400A71803 /* WMGenericCollection_Modified.app */,
				1460BF8D18C1F1E400A71803 /* WMGenericCollection_ModifiedTests.xctest */,
			);
			name = Products;
			sourceTree = "<group>";
		};
		1460BF6B18C1F1E400A71803 /* Frameworks */ = {
			isa = PBXGroup;
			children = (
				1460BF6C18C1F1E400A71803 /* Foundation.framework */,
				1460BF6E18C1F1E400A71803 /* CoreGraphics.framework */,
				1460BF7018C1F1E400A71803 /* UIKit.framework */,
				1460BF8E18C1F1E400A71803 /* XCTest.framework */,
			);
			name = Frameworks;
			sourceTree = "<group>";
		};
		1460BF7218C1F1E400A71803 /* WMGenericCollection_Modified */ = {
			isa = PBXGroup;
			children = (
				1460BF7B18C1F1E400A71803 /* AppDelegate.h */,
				1460BF7C18C1F1E400A71803 /* AppDelegate.m */,
				1460BF7E18C1F1E400A71803 /* Main_iPhone.storyboard */,
				1460BF8118C1F1E400A71803 /* Main_iPad.storyboard */,
				1460BF8418C1F1E400A71803 /* ViewController.h */,
				1460BF8518C1F1E400A71803 /* ViewController.m */,
				1460BF8718C1F1E400A71803 /* Images.xcassets */,
				1460BF7318C1F1E400A71803 /* Supporting Files */,
			);
			path = WMGenericCollection_Modified;
			sourceTree = "<group>";
		};
		1460BF7318C1F1E400A71803 /* Supporting Files */ = {
			isa = PBXGroup;
			children = (
				1460BF7418C1F1E400A71803 /* WMGenericCollection_Modified-Info.plist */,
				1460BF7518C1F1E400A71803 /* InfoPlist.strings */,
				1460BF7818C1F1E400A71803 /* main.m */,
				1460BF7A18C1F1E400A71803 /* WMGenericCollection_Modified-Prefix.pch */,
			);
			name = "Supporting Files";
			sourceTree = "<group>";
		};
		1460BF9418C1F1E400A71803 /* WMGenericCollection_ModifiedTests */ = {
			isa = PBXGroup;
			children = (
				1460BF9A18C1F1E400A71803 /* WMGenericCollection_ModifiedTests.m */,
				1460BF9518C1F1E400A71803 /* Supporting Files */,
			);
			path = WMGenericCollection_ModifiedTests;
			sourceTree = "<group>";
		};
		1460BF9518C1F1E400A71803 /* Supporting Files */ = {
			isa = PBXGroup;
			children = (
				1460BF9618C1F1E400A71803 /* WMGenericCollection_ModifiedTests-Info.plist */,
				1460BF9718C1F1E400A71803 /* InfoPlist.strings */,
			);
			name = "Supporting Files";
			sourceTree = "<group>";
		};
/* End PBXGroup section */

/* Begin PBXNativeTarget section */
		1460BF6818C1F1E400A71803 /* WMGenericCollection_Modified */ = {
			isa = PBXNativeTarget;
			buildConfigurationList = 1460BF9E18C1F1E400A71803 /* Build configuration list for PBXNativeTarget "WMGenericCollection_Modified" */;
			buildPhases = (
				1460BF6518C1F1E400A71803 /* Sources */,
				1460BF6618C1F1E400A71803 /* Frameworks */,
				1460BF6718C1F1E400A71803 /* Resources */,
			);
			buildRules = (
			);
			dependencies = (
			);
			name = WMGenericCollection_Modified;
			productName = WMGenericCollection_Modified;
			productReference = 1460BF6918C1F1E400A71803 /* WMGenericCollection_Modified.app */;
			productType = "com.apple.product-type.application";
		};
		1460BF8C18C1F1E400A71803 /* WMGenericCollection_ModifiedTests */ = {
			isa = PBXNativeTarget;
			buildConfigurationList = 1460BFA118C1F1E400A71803 /* Build configuration list for PBXNativeTarget "WMGenericCollection_ModifiedTests" */;
			buildPhases = (
				1460BF8918C1F1E400A71803 /* Sources */,
				1460BF8A18C1F1E400A71803 /* Frameworks */,
				1460BF8B18C1F1E400A71803 /* Resources */,
			);
			buildRules = (
			);
			dependencies = (
				1460BF9318C1F1E400A71803 /* PBXTargetDependency */,
			);
			name = WMGenericCollection_ModifiedTests;
			productName = WMGenericCollection_ModifiedTests;
			productReference = 1460BF8D18C1F1E400A71803 /* WMGenericCollection_ModifiedTests.xctest */;
			productType = "com.apple.product-type.bundle.unit-test";
		};
/* End PBXNativeTarget section */

/* Begin PBXProject section */
		1460BF6118C1F1E400A71803 /* Project object */ = {
			isa = PBXProject;
			attributes = {
				LastUpgradeCheck = 0500;
				ORGANIZATIONNAME = yad;
				TargetAttributes = {
					1460BF8C18C1F1E400A71803 = {
						TestTargetID = 1460BF6818C1F1E400A71803;
					};
				};
			};
			buildConfigurationList = 1460BF6418C1F1E400A71803 /* Build configuration list for PBXProject "WMGenericCollection_Modified" */;
			compatibilityVersion = "Xcode 3.2";
			developmentRegion = English;
			hasScannedForEncodings = 0;
			knownRegions = (
				en,
				Base,
			);
			mainGroup = 1460BF6018C1F1E400A71803;
			productRefGroup = 1460BF6A18C1F1E400A71803 /* Products */;
			projectDirPath = "";
			projectRoot = "";
			targets = (
				1460BF6818C1F1E400A71803 /* WMGenericCollection_Modified */,
				1460BF8C18C1F1E400A71803 /* WMGenericCollection_ModifiedTests */,
			);
		};
/* End PBXProject section */

/* Begin PBXResourcesBuildPhase section */
		1460BF6718C1F1E400A71803 /* Resources */ = {
			isa = PBXResourcesBuildPhase;
			buildActionMask = 2147483647;
			files = (
				1460BF8318C1F1E400A71803 /* Main_iPad.storyboard in Resources */,
				1460BF8818C1F1E400A71803 /* Images.xcassets in Resources */,
				1460BF8018C1F1E400A71803 /* Main_iPhone.storyboard in Resources */,
				1460BF7718C1F1E400A71803 /* InfoPlist.strings in Resources */,
			);
			runOnlyForDeploymentPostprocessing = 0;
		};
		1460BF8B18C1F1E400A71803 /* Resources */ = {
			isa = PBXResourcesBuildPhase;
			buildActionMask = 2147483647;
			files = (
				1460BF9918C1F1E400A71803 /* InfoPlist.strings in Resources */,
			);
			runOnlyForDeploymentPostprocessing = 0;
		};
/* End PBXResourcesBuildPhase section */

/* Begin PBXSourcesBuildPhase section */
		1460BF6518C1F1E400A71803 /* Sources */ = {
			isa = PBXSourcesBuildPhase;
			buildActionMask = 2147483647;
			files = (
				1460BF8618C1F1E400A71803 /* ViewController.m in Sources */,
				1460BF7D18C1F1E400A71803 /* AppDelegate.m in Sources */,
				1460BF7918C1F1E400A71803 /* main.m in Sources */,
			);
			runOnlyForDeploymentPostprocessing = 0;
		};
		1460BF8918C1F1E400A71803 /* Sources */ = {
			isa = PBXSourcesBuildPhase;
			buildActionMask = 2147483647;
			files = (
				1460BF9B18C1F1E400A71803 /* WMGenericCollection_ModifiedTests.m in Sources */,
			);
			runOnlyForDeploymentPostprocessing = 0;
		};
/* End PBXSourcesBuildPhase section */

/* Begin PBXTargetDependency section */
		1460BF9318C1F1E400A71803 /* PBXTargetDependency */ = {
			isa = PBXTargetDependency;
			target = 1460BF6818C1F1E400A71803 /* WMGenericCollection_Modified */;
			targetProxy = 1460BF9218C1F1E400A71803 /* PBXContainerItemProxy */;
		};
/* End PBXTargetDependency section */

/* Begin PBXVariantGroup section */
		1460BF7518C1F1E400A71803 /* InfoPlist.strings */ = {
			isa = PBXVariantGroup;
			children = (
				1460BF7618C1F1E400A71803 /* en */,
			);
			name = InfoPlist.strings;
			sourceTree = "<group>";
		};
		1460BF7E18C1F1E400A71803 /* Main_iPhone.storyboard */ = {
			isa = PBXVariantGroup;
			children = (
				1460BF7F18C1F1E400A71803 /* Base */,
			);
			name = Main_iPhone.storyboard;
			sourceTree = "<group>";
		};
		1460BF8118C1F1E400A71803 /* Main_iPad.storyboard */ = {
			isa = PBXVariantGroup;
			children = (
				1460BF8218C1F1E400A71803 /* Base */,
			);
			name = Main_iPad.storyboard;
			sourceTree = "<group>";
		};
		1460BF9718C1F1E400A71803 /* InfoPlist.strings */ = {
			isa = PBXVariantGroup;
			children = (
				1460BF9818C1F1E400A71803 /* en */,
			);
			name = InfoPlist.strings;
			sourceTree = "<group>";
		};
/* End PBXVariantGroup section */

/* Begin XCBuildConfiguration section */
		1460BF9C18C1F1E400A71803 /* Debug */ = {
			isa = XCBuildConfiguration;
			buildSettings = {
				ALWAYS_SEARCH_USER_PATHS = NO;
				ARCHS = "$(ARCHS_STANDARD_INCLUDING_64_BIT)";
				CLANG_CXX_LANGUAGE_STANDARD = "gnu++0x";
				CLANG_CXX_LIBRARY = "libc++";
				CLANG_ENABLE_MODULES = YES;
				CLANG_ENABLE_OBJC_ARC = YES;
				CLANG_WARN_BOOL_CONVERSION = YES;
				CLANG_WARN_CONSTANT_CONVERSION = YES;
				CLANG_WARN_DIRECT_OBJC_ISA_USAGE = YES_ERROR;
				CLANG_WARN_EMPTY_BODY = YES;
				CLANG_WARN_ENUM_CONVERSION = YES;
				CLANG_WARN_INT_CONVERSION = YES;
				CLANG_WARN_OBJC_ROOT_CLASS = YES_ERROR;
				CLANG_WARN__DUPLICATE_METHOD_MATCH = YES;
				"CODE_SIGN_IDENTITY[sdk=iphoneos*]" = "iPhone Developer";
				COPY_PHASE_STRIP = NO;
				GCC_C_LANGUAGE_STANDARD = gnu99;
				GCC_DYNAMIC_NO_PIC = NO;
				GCC_OPTIMIZATION_LEVEL = 0;
				GCC_PREPROCESSOR_DEFINITIONS = (
					"DEBUG=1",
					"$(inherited)",
				);
				GCC_SYMBOLS_PRIVATE_EXTERN = NO;
				GCC_WARN_64_TO_32_BIT_CONVERSION = YES;
				GCC_WARN_ABOUT_RETURN_TYPE = YES_ERROR;
				GCC_WARN_UNDECLARED_SELECTOR = YES;
				GCC_WARN_UNINITIALIZED_AUTOS = YES;
				GCC_WARN_UNUSED_FUNCTION = YES;
				GCC_WARN_UNUSED_VARIABLE = YES;
				IPHONEOS_DEPLOYMENT_TARGET = 7.0;
				ONLY_ACTIVE_ARCH = YES;
				SDKROOT = iphoneos;
				TARGETED_DEVICE_FAMILY = "1,2";
			};
			name = Debug;
		};
		1460BF9D18C1F1E400A71803 /* Release */ = {
			isa = XCBuildConfiguration;
			buildSettings = {
				ALWAYS_SEARCH_USER_PATHS = NO;
				ARCHS = "$(ARCHS_STANDARD_INCLUDING_64_BIT)";
				CLANG_CXX_LANGUAGE_STANDARD = "gnu++0x";
				CLANG_CXX_LIBRARY = "libc++";
				CLANG_ENABLE_MODULES = YES;
				CLANG_ENABLE_OBJC_ARC = YES;
				CLANG_WARN_BOOL_CONVERSION = YES;
				CLANG_WARN_CONSTANT_CONVERSION = YES;
				CLANG_WARN_DIRECT_OBJC_ISA_USAGE = YES_ERROR;
				CLANG_WARN_EMPTY_BODY = YES;
				CLANG_WARN_ENUM_CONVERSION = YES;
				CLANG_WARN_INT_CONVERSION = YES;
				CLANG_WARN_OBJC_ROOT_CLASS = YES_ERROR;
				CLANG_WARN__DUPLICATE_METHOD_MATCH = YES;
				"CODE_SIGN_IDENTITY[sdk=iphoneos*]" = "iPhone Developer";
				COPY_PHASE_STRIP = YES;
				ENABLE_NS_ASSERTIONS = NO;
				GCC_C_LANGUAGE_STANDARD = gnu99;
				GCC_WARN_64_TO_32_BIT_CONVERSION = YES;
				GCC_WARN_ABOUT_RETURN_TYPE = YES_ERROR;
				GCC_WARN_UNDECLARED_SELECTOR = YES;
				GCC_WARN_UNINITIALIZED_AUTOS = YES;
				GCC_WARN_UNUSED_FUNCTION = YES;
				GCC_WARN_UNUSED_VARIABLE = YES;
				IPHONEOS_DEPLOYMENT_TARGET = 7.0;
				SDKROOT = iphoneos;
				TARGETED_DEVICE_FAMILY = "1,2";
				VALIDATE_PRODUCT = YES;
			};
			name = Release;
		};
		1460BF9F18C1F1E400A71803 /* Debug */ = {
			isa = XCBuildConfiguration;
			buildSettings = {
				ASSETCATALOG_COMPILER_APPICON_NAME = AppIcon;
				ASSETCATALOG_COMPILER_LAUNCHIMAGE_NAME = LaunchImage;
				GCC_PRECOMPILE_PREFIX_HEADER = YES;
				GCC_PREFIX_HEADER = "WMGenericCollection_Modified/WMGenericCollection_Modified-Prefix.pch";
				INFOPLIST_FILE = "WMGenericCollection_Modified/WMGenericCollection_Modified-Info.plist";
				PRODUCT_NAME = "$(TARGET_NAME)";
				WRAPPER_EXTENSION = app;
			};
			name = Debug;
		};
		1460BFA018C1F1E400A71803 /* Release */ = {
			isa = XCBuildConfiguration;
			buildSettings = {
				ASSETCATALOG_COMPILER_APPICON_NAME = AppIcon;
				ASSETCATALOG_COMPILER_LAUNCHIMAGE_NAME = LaunchImage;
				GCC_PRECOMPILE_PREFIX_HEADER = YES;
				GCC_PREFIX_HEADER = "WMGenericCollection_Modified/WMGenericCollection_Modified-Prefix.pch";
				INFOPLIST_FILE = "WMGenericCollection_Modified/WMGenericCollection_Modified-Info.plist";
				PRODUCT_NAME = "$(TARGET_NAME)";
				WRAPPER_EXTENSION = app;
			};
			name = Release;
		};
		1460BFA218C1F1E400A71803 /* Debug */ = {
			isa = XCBuildConfiguration;
			buildSettings = {
				ARCHS = "$(ARCHS_STANDARD_INCLUDING_64_BIT)";
				BUNDLE_LOADER = "$(BUILT_PRODUCTS_DIR)/WMGenericCollection_Modified.app/WMGenericCollection_Modified";
				FRAMEWORK_SEARCH_PATHS = (
					"$(SDKROOT)/Developer/Library/Frameworks",
					"$(inherited)",
					"$(DEVELOPER_FRAMEWORKS_DIR)",
				);
				GCC_PRECOMPILE_PREFIX_HEADER = YES;
				GCC_PREFIX_HEADER = "WMGenericCollection_Modified/WMGenericCollection_Modified-Prefix.pch";
				GCC_PREPROCESSOR_DEFINITIONS = (
					"DEBUG=1",
					"$(inherited)",
				);
				INFOPLIST_FILE = "WMGenericCollection_ModifiedTests/WMGenericCollection_ModifiedTests-Info.plist";
				PRODUCT_NAME = "$(TARGET_NAME)";
				TEST_HOST = "$(BUNDLE_LOADER)";
				WRAPPER_EXTENSION = xctest;
			};
			name = Debug;
		};
		1460BFA318C1F1E400A71803 /* Release */ = {
			isa = XCBuildConfiguration;
			buildSettings = {
				ARCHS = "$(ARCHS_STANDARD_INCLUDING_64_BIT)";
				BUNDLE_LOADER = "$(BUILT_PRODUCTS_DIR)/WMGenericCollection_Modified.app/WMGenericCollection_Modified";
				FRAMEWORK_SEARCH_PATHS = (
					"$(SDKROOT)/Developer/Library/Frameworks",
					"$(inherited)",
					"$(DEVELOPER_FRAMEWORKS_DIR)",
				);
				GCC_PRECOMPILE_PREFIX_HEADER = YES;
				GCC_PREFIX_HEADER = "WMGenericCollection_Modified/WMGenericCollection_Modified-Prefix.pch";
				INFOPLIST_FILE = "WMGenericCollection_ModifiedTests/WMGenericCollection_ModifiedTests-Info.plist";
				PRODUCT_NAME = "$(TARGET_NAME)";
				TEST_HOST = "$(BUNDLE_LOADER)";
				WRAPPER_EXTENSION = xctest;
			};
			name = Release;
		};
/* End XCBuildConfiguration section */

/* Begin XCConfigurationList section */
		1460BF6418C1F1E400A71803 /* Build configuration list for PBXProject "WMGenericCollection_Modified" */ = {
			isa = XCConfigurationList;
			buildConfigurations = (
				1460BF9C18C1F1E400A71803 /* Debug */,
				1460BF9D18C1F1E400A71803 /* Release */,
			);
			defaultConfigurationIsVisible = 0;
			defaultConfigurationName = Release;
		};
		1460BF9E18C1F1E400A71803 /* Build configuration list for PBXNativeTarget "WMGenericCollection_Modified" */ = {
			isa = XCConfigurationList;
			buildConfigurations = (
				1460BF9F18C1F1E400A71803 /* Debug */,
				1460BFA018C1F1E400A71803 /* Release */,
			);
			defaultConfigurationIsVisible = 0;
		};
		1460BFA118C1F1E400A71803 /* Build configuration list for PBXNativeTarget "WMGenericCollection_ModifiedTests" */ = {
			isa = XCConfigurationList;
			buildConfigurations = (
				1460BFA218C1F1E400A71803 /* Debug */,
				1460BFA318C1F1E400A71803 /* Release */,
			);
			defaultConfigurationIsVisible = 0;
		};
/* End XCConfigurationList section */
	};
	rootObject = 1460BF6118C1F1E400A71803 /* Project object */;
}
